
Microsoft Visual Studio Solution File, Format Version 12.00
# Visual Studio Version 17
VisualStudioVersion = 17.14.36429.23 d17.14
MinimumVisualStudioVersion = 10.0.40219.1
Project("{FAE04EC0-301F-11D3-BF4B-00C04F79EFBC}") = "Tyuiu.RochevYA.Sprint4.Task0.V20", "Tyuiu.RochevYA.Sprint4.Task0.V20\Tyuiu.RochevYA.Sprint4.Task0.V20.csproj", "{740BCDF6-27C7-4AFF-B099-E750FEB330E8}"
EndProject
Project("{FAE04EC0-301F-11D3-BF4B-00C04F79EFBC}") = "Tyuiu.RochevYA.Sprint4.Task0.V20.Lib", "Tyuiu.RochevYA.Sprint4.Task0.V20.Lib\Tyuiu.RochevYA.Sprint4.Task0.V20.Lib.csproj", "{271DC0D2-9DB1-4E35-9B12-2C9DD0EDA818}"
EndProject
Project("{FAE04EC0-301F-11D3-BF4B-00C04F79EFBC}") = "Tyuiu.RochevYA.Sprint4.Task0.V20.Test", "Tyuiu.RochevYA.Sprint4.Task0.V20.Test\Tyuiu.RochevYA.Sprint4.Task0.V20.Test.csproj", "{C4BD7447-4A94-474D-A285-9884B08A1D06}"
EndProject
Project("{FAE04EC0-301F-11D3-BF4B-00C04F79EFBC}") = "Tyuiu.RochevYA.Sprint4.Task1.V13", "Tyuiu.RochevYA.Sprint4.Task1.V13\Tyuiu.RochevYA.Sprint4.Task1.V13.csproj", "{042CD303-0787-421D-8261-67375E0C9C58}"
EndProject
Project("{FAE04EC0-301F-11D3-BF4B-00C04F79EFBC}") = "Tyuiu.RochevYA.Sprint4.Task1.V13.Lib", "Tyuiu.RochevYA.Sprint4.Task1.V13.Lib\Tyuiu.RochevYA.Sprint4.Task1.V13.Lib.csproj", "{5FAD4B58-0F02-4935-9328-261B93410E22}"
EndProject
Project("{FAE04EC0-301F-11D3-BF4B-00C04F79EFBC}") = "Tyuiu.RochevYA.Sprint4.Task1.V13.Test", "Tyuiu.RochevYA.Sprint4.Task1.V13.Test\Tyuiu.RochevYA.Sprint4.Task1.V13.Test.csproj", "{6710F320-D48E-454C-9D6A-F525AA66FA59}"
EndProject
Project("{FAE04EC0-301F-11D3-BF4B-00C04F79EFBC}") = "Tyuiu.RochevYA.Sprint4.Task2.V19", "Tyuiu.RochevYA.Sprint4.Task2.V19\Tyuiu.RochevYA.Sprint4.Task2.V19.csproj", "{5F3756E0-E4D9-4BE5-9A03-3E442D705B23}"
EndProject
Project("{FAE04EC0-301F-11D3-BF4B-00C04F79EFBC}") = "Tyuiu.RochevYA.Sprint4.Task2.V19.Lib", "Tyuiu.RochevYA.Sprint4.Task2.V19.Lib\Tyuiu.RochevYA.Sprint4.Task2.V19.Lib.csproj", "{B49BE83B-D8D7-411D-93D2-9EA6217176F7}"
EndProject
Project("{FAE04EC0-301F-11D3-BF4B-00C04F79EFBC}") = "Tyuiu.RochevYA.Sprint4.Task2.V19.Test", "Tyuiu.RochevYA.Sprint4.Task2.V19.Test\Tyuiu.RochevYA.Sprint4.Task2.V19.Test.csproj", "{F068B6E1-EF64-4ECF-ACBF-C96708030DB8}"
EndProject
Project("{FAE04EC0-301F-11D3-BF4B-00C04F79EFBC}") = "Tyuiu.RochevYA.Sprint4.Task3.V22", "Tyuiu.RochevYA.Sprint4.Task3.V22\Tyuiu.RochevYA.Sprint4.Task3.V22.csproj", "{A70E118A-46C9-4311-A664-32B50D3F3D07}"
EndProject
Project("{FAE04EC0-301F-11D3-BF4B-00C04F79EFBC}") = "Tyuiu.RochevYA.Sprint4.Task3.V22.Lib", "Tyuiu.RochevYA.Sprint4.Task3.V22.Lib\Tyuiu.RochevYA.Sprint4.Task3.V22.Lib.csproj", "{32E1A96C-05E4-4D09-9EE5-8874066476EC}"
EndProject
Project("{FAE04EC0-301F-11D3-BF4B-00C04F79EFBC}") = "Tyuiu.RochevYA.Sprint4.Task3.V22.Test", "Tyuiu.RochevYA.Sprint4.Task3.V22.Test\Tyuiu.RochevYA.Sprint4.Task3.V22.Test.csproj", "{2CDA4106-9E66-4997-92BD-770799719FC5}"
EndProject
Project("{FAE04EC0-301F-11D3-BF4B-00C04F79EFBC}") = "Tyuiu.RochevYA.Sprint4.Task4.V19", "Tyuiu.RochevYA.Sprint4.Task4.V19\Tyuiu.RochevYA.Sprint4.Task4.V19.csproj", "{7DFB0A58-B4ED-434E-88A0-C536F57B39B9}"
EndProject
Project("{FAE04EC0-301F-11D3-BF4B-00C04F79EFBC}") = "Tyuiu.RochevYA.Sprint4.Task4.V19.Lib", "Tyuiu.RochevYA.Sprint4.Task4.V19.Lib\Tyuiu.RochevYA.Sprint4.Task4.V19.Lib.csproj", "{CEF219DB-1ABF-460E-9DAB-14826E338853}"
EndProject
Project("{FAE04EC0-301F-11D3-BF4B-00C04F79EFBC}") = "Tyuiu.RochevYA.Sprint4.Task4.V19.Test", "Tyuiu.RochevYA.Sprint4.Task4.V19.Test\Tyuiu.RochevYA.Sprint4.Task4.V19.Test.csproj", "{AD604B2D-B1E4-4837-92BA-9FEFDDCD0BD5}"
EndProject
Project("{FAE04EC0-301F-11D3-BF4B-00C04F79EFBC}") = "Tyuiu.RochevYA.Sprint4.Task5.V9", "Tyuiu.RochevYA.Sprint4.Task5.V9\Tyuiu.RochevYA.Sprint4.Task5.V9.csproj", "{1667C713-547A-40FC-AAC8-C603F816EA4E}"
EndProject
Project("{FAE04EC0-301F-11D3-BF4B-00C04F79EFBC}") = "Tyuiu.RochevYA.Sprint4.Task5.V9.Lib", "Tyuiu.RochevYA.Sprint4.Task5.V9.Lib\Tyuiu.RochevYA.Sprint4.Task5.V9.Lib.csproj", "{C7A635D4-A448-4A81-A325-BE45D6591F99}"
EndProject
Project("{FAE04EC0-301F-11D3-BF4B-00C04F79EFBC}") = "Tyuiu.RochevYA.Sprint4.Task5.V9.Test", "Tyuiu.RochevYA.Sprint4.Task5.V9.Test\Tyuiu.RochevYA.Sprint4.Task5.V9.Test.csproj", "{5F31A22C-0636-4485-B109-BD1543AD1785}"
EndProject
Global
	GlobalSection(SolutionConfigurationPlatforms) = preSolution
		Debug|Any CPU = Debug|Any CPU
		Release|Any CPU = Release|Any CPU
	EndGlobalSection
	GlobalSection(ProjectConfigurationPlatforms) = postSolution
		{740BCDF6-27C7-4AFF-B099-E750FEB330E8}.Debug|Any CPU.ActiveCfg = Debug|Any CPU
		{740BCDF6-27C7-4AFF-B099-E750FEB330E8}.Debug|Any CPU.Build.0 = Debug|Any CPU
		{740BCDF6-27C7-4AFF-B099-E750FEB330E8}.Release|Any CPU.ActiveCfg = Release|Any CPU
		{740BCDF6-27C7-4AFF-B099-E750FEB330E8}.Release|Any CPU.Build.0 = Release|Any CPU
		{271DC0D2-9DB1-4E35-9B12-2C9DD0EDA818}.Debug|Any CPU.ActiveCfg = Debug|Any CPU
		{271DC0D2-9DB1-4E35-9B12-2C9DD0EDA818}.Debug|Any CPU.Build.0 = Debug|Any CPU
		{271DC0D2-9DB1-4E35-9B12-2C9DD0EDA818}.Release|Any CPU.ActiveCfg = Release|Any CPU
		{271DC0D2-9DB1-4E35-9B12-2C9DD0EDA818}.Release|Any CPU.Build.0 = Release|Any CPU
		{C4BD7447-4A94-474D-A285-9884B08A1D06}.Debug|Any CPU.ActiveCfg = Debug|Any CPU
		{C4BD7447-4A94-474D-A285-9884B08A1D06}.Debug|Any CPU.Build.0 = Debug|Any CPU
		{C4BD7447-4A94-474D-A285-9884B08A1D06}.Release|Any CPU.ActiveCfg = Release|Any CPU
		{C4BD7447-4A94-474D-A285-9884B08A1D06}.Release|Any CPU.Build.0 = Release|Any CPU
		{042CD303-0787-421D-8261-67375E0C9C58}.Debug|Any CPU.ActiveCfg = Debug|Any CPU
		{042CD303-0787-421D-8261-67375E0C9C58}.Debug|Any CPU.Build.0 = Debug|Any CPU
		{042CD303-0787-421D-8261-67375E0C9C58}.Release|Any CPU.ActiveCfg = Release|Any CPU
		{042CD303-0787-421D-8261-67375E0C9C58}.Release|Any CPU.Build.0 = Release|Any CPU
		{5FAD4B58-0F02-4935-9328-261B93410E22}.Debug|Any CPU.ActiveCfg = Debug|Any CPU
		{5FAD4B58-0F02-4935-9328-261B93410E22}.Debug|Any CPU.Build.0 = Debug|Any CPU
		{5FAD4B58-0F02-4935-9328-261B93410E22}.Release|Any CPU.ActiveCfg = Release|Any CPU
		{5FAD4B58-0F02-4935-9328-261B93410E22}.Release|Any CPU.Build.0 = Release|Any CPU
		{6710F320-D48E-454C-9D6A-F525AA66FA59}.Debug|Any CPU.ActiveCfg = Debug|Any CPU
		{6710F320-D48E-454C-9D6A-F525AA66FA59}.Debug|Any CPU.Build.0 = Debug|Any CPU
		{6710F320-D48E-454C-9D6A-F525AA66FA59}.Release|Any CPU.ActiveCfg = Release|Any CPU
		{6710F320-D48E-454C-9D6A-F525AA66FA59}.Release|Any CPU.Build.0 = Release|Any CPU
		{5F3756E0-E4D9-4BE5-9A03-3E442D705B23}.Debug|Any CPU.ActiveCfg = Debug|Any CPU
		{5F3756E0-E4D9-4BE5-9A03-3E442D705B23}.Debug|Any CPU.Build.0 = Debug|Any CPU
		{5F3756E0-E4D9-4BE5-9A03-3E442D705B23}.Release|Any CPU.ActiveCfg = Release|Any CPU
		{5F3756E0-E4D9-4BE5-9A03-3E442D705B23}.Release|Any CPU.Build.0 = Release|Any CPU
		{B49BE83B-D8D7-411D-93D2-9EA6217176F7}.Debug|Any CPU.ActiveCfg = Debug|Any CPU
		{B49BE83B-D8D7-411D-93D2-9EA6217176F7}.Debug|Any CPU.Build.0 = Debug|Any CPU
		{B49BE83B-D8D7-411D-93D2-9EA6217176F7}.Release|Any CPU.ActiveCfg = Release|Any CPU
		{B49BE83B-D8D7-411D-93D2-9EA6217176F7}.Release|Any CPU.Build.0 = Release|Any CPU
		{F068B6E1-EF64-4ECF-ACBF-C96708030DB8}.Debug|Any CPU.ActiveCfg = Debug|Any CPU
		{F068B6E1-EF64-4ECF-ACBF-C96708030DB8}.Debug|Any CPU.Build.0 = Debug|Any CPU
		{F068B6E1-EF64-4ECF-ACBF-C96708030DB8}.Release|Any CPU.ActiveCfg = Release|Any CPU
		{F068B6E1-EF64-4ECF-ACBF-C96708030DB8}.Release|Any CPU.Build.0 = Release|Any CPU
		{A70E118A-46C9-4311-A664-32B50D3F3D07}.Debug|Any CPU.ActiveCfg = Debug|Any CPU
		{A70E118A-46C9-4311-A664-32B50D3F3D07}.Debug|Any CPU.Build.0 = Debug|Any CPU
		{A70E118A-46C9-4311-A664-32B50D3F3D07}.Release|Any CPU.ActiveCfg = Release|Any CPU
		{A70E118A-46C9-4311-A664-32B50D3F3D07}.Release|Any CPU.Build.0 = Release|Any CPU
		{32E1A96C-05E4-4D09-9EE5-8874066476EC}.Debug|Any CPU.ActiveCfg = Debug|Any CPU
		{32E1A96C-05E4-4D09-9EE5-8874066476EC}.Debug|Any CPU.Build.0 = Debug|Any CPU
		{32E1A96C-05E4-4D09-9EE5-8874066476EC}.Release|Any CPU.ActiveCfg = Release|Any CPU
		{32E1A96C-05E4-4D09-9EE5-8874066476EC}.Release|Any CPU.Build.0 = Release|Any CPU
		{2CDA4106-9E66-4997-92BD-770799719FC5}.Debug|Any CPU.ActiveCfg = Debug|Any CPU
		{2CDA4106-9E66-4997-92BD-770799719FC5}.Debug|Any CPU.Build.0 = Debug|Any CPU
		{2CDA4106-9E66-4997-92BD-770799719FC5}.Release|Any CPU.ActiveCfg = Release|Any CPU
		{2CDA4106-9E66-4997-92BD-770799719FC5}.Release|Any CPU.Build.0 = Release|Any CPU
		{7DFB0A58-B4ED-434E-88A0-C536F57B39B9}.Debug|Any CPU.ActiveCfg = Debug|Any CPU
		{7DFB0A58-B4ED-434E-88A0-C536F57B39B9}.Debug|Any CPU.Build.0 = Debug|Any CPU
		{7DFB0A58-B4ED-434E-88A0-C536F57B39B9}.Release|Any CPU.ActiveCfg = Release|Any CPU
		{7DFB0A58-B4ED-434E-88A0-C536F57B39B9}.Release|Any CPU.Build.0 = Release|Any CPU
		{CEF219DB-1ABF-460E-9DAB-14826E338853}.Debug|Any CPU.ActiveCfg = Debug|Any CPU
		{CEF219DB-1ABF-460E-9DAB-14826E338853}.Debug|Any CPU.Build.0 = Debug|Any CPU
		{CEF219DB-1ABF-460E-9DAB-14826E338853}.Release|Any CPU.ActiveCfg = Release|Any CPU
		{CEF219DB-1ABF-460E-9DAB-14826E338853}.Release|Any CPU.Build.0 = Release|Any CPU
		{AD604B2D-B1E4-4837-92BA-9FEFDDCD0BD5}.Debug|Any CPU.ActiveCfg = Debug|Any CPU
		{AD604B2D-B1E4-4837-92BA-9FEFDDCD0BD5}.Debug|Any CPU.Build.0 = Debug|Any CPU
		{AD604B2D-B1E4-4837-92BA-9FEFDDCD0BD5}.Release|Any CPU.ActiveCfg = Release|Any CPU
		{AD604B2D-B1E4-4837-92BA-9FEFDDCD0BD5}.Release|Any CPU.Build.0 = Release|Any CPU
		{1667C713-547A-40FC-AAC8-C603F816EA4E}.Debug|Any CPU.ActiveCfg = Debug|Any CPU
		{1667C713-547A-40FC-AAC8-C603F816EA4E}.Debug|Any CPU.Build.0 = Debug|Any CPU
		{1667C713-547A-40FC-AAC8-C603F816EA4E}.Release|Any CPU.ActiveCfg = Release|Any CPU
		{1667C713-547A-40FC-AAC8-C603F816EA4E}.Release|Any CPU.Build.0 = Release|Any CPU
		{C7A635D4-A448-4A81-A325-BE45D6591F99}.Debug|Any CPU.ActiveCfg = Debug|Any CPU
		{C7A635D4-A448-4A81-A325-BE45D6591F99}.Debug|Any CPU.Build.0 = Debug|Any CPU
		{C7A635D4-A448-4A81-A325-BE45D6591F99}.Release|Any CPU.ActiveCfg = Release|Any CPU
		{C7A635D4-A448-4A81-A325-BE45D6591F99}.Release|Any CPU.Build.0 = Release|Any CPU
		{5F31A22C-0636-4485-B109-BD1543AD1785}.Debug|Any CPU.ActiveCfg = Debug|Any CPU
		{5F31A22C-0636-4485-B109-BD1543AD1785}.Debug|Any CPU.Build.0 = Debug|Any CPU
		{5F31A22C-0636-4485-B109-BD1543AD1785}.Release|Any CPU.ActiveCfg = Release|Any CPU
		{5F31A22C-0636-4485-B109-BD1543AD1785}.Release|Any CPU.Build.0 = Release|Any CPU
	EndGlobalSection
	GlobalSection(SolutionProperties) = preSolution
		HideSolutionNode = FALSE
	EndGlobalSection
	GlobalSection(ExtensibilityGlobals) = postSolution
		SolutionGuid = {B245A728-2DDC-4C03-AA04-9CA567642A05}
	EndGlobalSection
EndGlobal
